// !$*UTF8*$!
{
	archiveVersion = 1;
	classes = {
	};
	objectVersion = 51;
	objects = {

/* Begin PBXBuildFile section */
		5736CA8367051CB47069DF00 /* Pods_SportsApp_SportsAppUITests.framework in Frameworks */ = {isa = PBXBuildFile; fileRef = A07CDC554DF90F8F6471042E /* Pods_SportsApp_SportsAppUITests.framework */; };
		A86BE7BA10E0E0F70EAAED15 /* Pods_SportsApp.framework in Frameworks */ = {isa = PBXBuildFile; fileRef = 90C8A114018A431A90254F37 /* Pods_SportsApp.framework */; };
		BADE76D6F2036E22B6A0711C /* Pods_SportsAppTests.framework in Frameworks */ = {isa = PBXBuildFile; fileRef = E1A934F843560CAC4D33A61F /* Pods_SportsAppTests.framework */; };
		DB560BA9265675F200C863B4 /* Home.swift in Sources */ = {isa = PBXBuildFile; fileRef = DB560BA8265675F200C863B4 /* Home.swift */; };
		DB560BB72656780200C863B4 /* NavigationBarExtension.swift in Sources */ = {isa = PBXBuildFile; fileRef = DB560BB62656780200C863B4 /* NavigationBarExtension.swift */; };
		DB560BD126567AB100C863B4 /* SportsData.swift in Sources */ = {isa = PBXBuildFile; fileRef = DB560BD026567AB100C863B4 /* SportsData.swift */; };
		DB560BE126567C6D00C863B4 /* NetworkCall.swift in Sources */ = {isa = PBXBuildFile; fileRef = DB560BE026567C6D00C863B4 /* NetworkCall.swift */; };
		DB560BE726567C9E00C863B4 /* Constants.swift in Sources */ = {isa = PBXBuildFile; fileRef = DB560BE626567C9E00C863B4 /* Constants.swift */; };
		DB564A952656497900E4DD2A /* AppDelegate.swift in Sources */ = {isa = PBXBuildFile; fileRef = DB564A942656497900E4DD2A /* AppDelegate.swift */; };
		DB564A972656497900E4DD2A /* SceneDelegate.swift in Sources */ = {isa = PBXBuildFile; fileRef = DB564A962656497900E4DD2A /* SceneDelegate.swift */; };
		DB564A9C2656497900E4DD2A /* Main.storyboard in Resources */ = {isa = PBXBuildFile; fileRef = DB564A9A2656497900E4DD2A /* Main.storyboard */; };
		DB564A9F2656497900E4DD2A /* SportsApp.xcdatamodeld in Sources */ = {isa = PBXBuildFile; fileRef = DB564A9D2656497900E4DD2A /* SportsApp.xcdatamodeld */; };
		DB564AA12656497C00E4DD2A /* Assets.xcassets in Resources */ = {isa = PBXBuildFile; fileRef = DB564AA02656497C00E4DD2A /* Assets.xcassets */; };
		DB564AA42656497C00E4DD2A /* LaunchScreen.storyboard in Resources */ = {isa = PBXBuildFile; fileRef = DB564AA22656497C00E4DD2A /* LaunchScreen.storyboard */; };
		DB564AAF2656497C00E4DD2A /* SportsAppTests.swift in Sources */ = {isa = PBXBuildFile; fileRef = DB564AAE2656497C00E4DD2A /* SportsAppTests.swift */; };
		DB564ABA2656497C00E4DD2A /* SportsAppUITests.swift in Sources */ = {isa = PBXBuildFile; fileRef = DB564AB92656497C00E4DD2A /* SportsAppUITests.swift */; };
		F84F64BA2668CABE001F077C /* NewsViewController.swift in Sources */ = {isa = PBXBuildFile; fileRef = F84F64B92668CABE001F077C /* NewsViewController.swift */; };
		F84F64BE26690A71001F077C /* AllNewsCell.swift in Sources */ = {isa = PBXBuildFile; fileRef = F84F64BD26690A71001F077C /* AllNewsCell.swift */; };
		F84F64C0266910C1001F077C /* NBANewsCell.swift in Sources */ = {isa = PBXBuildFile; fileRef = F84F64BF266910C1001F077C /* NBANewsCell.swift */; };
		F84F64C326691AFC001F077C /* AllNewsTableCell.swift in Sources */ = {isa = PBXBuildFile; fileRef = F84F64C226691AFC001F077C /* AllNewsTableCell.swift */; };
		F84F64C926692230001F077C /* NewsFeedDaoList.swift in Sources */ = {isa = PBXBuildFile; fileRef = F84F64C826692230001F077C /* NewsFeedDaoList.swift */; };
		F8DDB2EE266BAF69003542D3 /* NBANewsTableCell.swift in Sources */ = {isa = PBXBuildFile; fileRef = F8DDB2ED266BAF69003542D3 /* NBANewsTableCell.swift */; };
		F8DDB2F0266BC164003542D3 /* NFLNewsCell.swift in Sources */ = {isa = PBXBuildFile; fileRef = F8DDB2EF266BC164003542D3 /* NFLNewsCell.swift */; };
		F8DDB2F2266BC174003542D3 /* MLBNewsCell.swift in Sources */ = {isa = PBXBuildFile; fileRef = F8DDB2F1266BC174003542D3 /* MLBNewsCell.swift */; };
		F8DDB2F4266BC184003542D3 /* NHLNewsCell.swift in Sources */ = {isa = PBXBuildFile; fileRef = F8DDB2F3266BC184003542D3 /* NHLNewsCell.swift */; };
		F8DDB2F6266BC194003542D3 /* GolfNewsCell.swift in Sources */ = {isa = PBXBuildFile; fileRef = F8DDB2F5266BC194003542D3 /* GolfNewsCell.swift */; };
		F8DDB2F8266BC1E0003542D3 /* NFLNewsTableCell.swift in Sources */ = {isa = PBXBuildFile; fileRef = F8DDB2F7266BC1E0003542D3 /* NFLNewsTableCell.swift */; };
		F8DDB2FA266BC1FD003542D3 /* GolfNewsTableCell.swift in Sources */ = {isa = PBXBuildFile; fileRef = F8DDB2F9266BC1FD003542D3 /* GolfNewsTableCell.swift */; };
		F8DDB2FC266BC210003542D3 /* NHLNewsTableCell.swift in Sources */ = {isa = PBXBuildFile; fileRef = F8DDB2FB266BC210003542D3 /* NHLNewsTableCell.swift */; };
		F8DDB2FE266BC220003542D3 /* MLBNewsTableCell.swift in Sources */ = {isa = PBXBuildFile; fileRef = F8DDB2FD266BC220003542D3 /* MLBNewsTableCell.swift */; };
/* End PBXBuildFile section */

/* Begin PBXContainerItemProxy section */
		DB564AAB2656497C00E4DD2A /* PBXContainerItemProxy */ = {
			isa = PBXContainerItemProxy;
			containerPortal = DB564A892656497900E4DD2A /* Project object */;
			proxyType = 1;
			remoteGlobalIDString = DB564A902656497900E4DD2A;
			remoteInfo = SportsApp;
		};
		DB564AB62656497C00E4DD2A /* PBXContainerItemProxy */ = {
			isa = PBXContainerItemProxy;
			containerPortal = DB564A892656497900E4DD2A /* Project object */;
			proxyType = 1;
			remoteGlobalIDString = DB564A902656497900E4DD2A;
			remoteInfo = SportsApp;
		};
/* End PBXContainerItemProxy section */

/* Begin PBXFileReference section */
		2990FFFF3065736734F240EE /* Pods-SportsApp-SportsAppUITests.release.xcconfig */ = {isa = PBXFileReference; includeInIndex = 1; lastKnownFileType = text.xcconfig; name = "Pods-SportsApp-SportsAppUITests.release.xcconfig"; path = "Target Support Files/Pods-SportsApp-SportsAppUITests/Pods-SportsApp-SportsAppUITests.release.xcconfig"; sourceTree = "<group>"; };
		72E2D5CF53DC3CC01E542309 /* Pods-SportsAppTests.release.xcconfig */ = {isa = PBXFileReference; includeInIndex = 1; lastKnownFileType = text.xcconfig; name = "Pods-SportsAppTests.release.xcconfig"; path = "Target Support Files/Pods-SportsAppTests/Pods-SportsAppTests.release.xcconfig"; sourceTree = "<group>"; };
		76C0B98AA919B8C6EB6D90C0 /* Pods-SportsApp.debug.xcconfig */ = {isa = PBXFileReference; includeInIndex = 1; lastKnownFileType = text.xcconfig; name = "Pods-SportsApp.debug.xcconfig"; path = "Target Support Files/Pods-SportsApp/Pods-SportsApp.debug.xcconfig"; sourceTree = "<group>"; };
		90C8A114018A431A90254F37 /* Pods_SportsApp.framework */ = {isa = PBXFileReference; explicitFileType = wrapper.framework; includeInIndex = 0; path = Pods_SportsApp.framework; sourceTree = BUILT_PRODUCTS_DIR; };
		A07CDC554DF90F8F6471042E /* Pods_SportsApp_SportsAppUITests.framework */ = {isa = PBXFileReference; explicitFileType = wrapper.framework; includeInIndex = 0; path = Pods_SportsApp_SportsAppUITests.framework; sourceTree = BUILT_PRODUCTS_DIR; };
		B3B6DA5586D640530FAFA24C /* Pods-SportsApp-SportsAppUITests.debug.xcconfig */ = {isa = PBXFileReference; includeInIndex = 1; lastKnownFileType = text.xcconfig; name = "Pods-SportsApp-SportsAppUITests.debug.xcconfig"; path = "Target Support Files/Pods-SportsApp-SportsAppUITests/Pods-SportsApp-SportsAppUITests.debug.xcconfig"; sourceTree = "<group>"; };
		B9871FB5545890714814E54B /* Pods-SportsApp.release.xcconfig */ = {isa = PBXFileReference; includeInIndex = 1; lastKnownFileType = text.xcconfig; name = "Pods-SportsApp.release.xcconfig"; path = "Target Support Files/Pods-SportsApp/Pods-SportsApp.release.xcconfig"; sourceTree = "<group>"; };
		D498F4158D2EA4A80AB5B704 /* Pods-SportsAppTests.debug.xcconfig */ = {isa = PBXFileReference; includeInIndex = 1; lastKnownFileType = text.xcconfig; name = "Pods-SportsAppTests.debug.xcconfig"; path = "Target Support Files/Pods-SportsAppTests/Pods-SportsAppTests.debug.xcconfig"; sourceTree = "<group>"; };
		DB560BA8265675F200C863B4 /* Home.swift */ = {isa = PBXFileReference; lastKnownFileType = sourcecode.swift; path = Home.swift; sourceTree = "<group>"; };
		DB560BB62656780200C863B4 /* NavigationBarExtension.swift */ = {isa = PBXFileReference; lastKnownFileType = sourcecode.swift; path = NavigationBarExtension.swift; sourceTree = "<group>"; };
		DB560BD026567AB100C863B4 /* SportsData.swift */ = {isa = PBXFileReference; lastKnownFileType = sourcecode.swift; path = SportsData.swift; sourceTree = "<group>"; };
		DB560BE026567C6D00C863B4 /* NetworkCall.swift */ = {isa = PBXFileReference; fileEncoding = 4; lastKnownFileType = sourcecode.swift; path = NetworkCall.swift; sourceTree = "<group>"; };
		DB560BE626567C9E00C863B4 /* Constants.swift */ = {isa = PBXFileReference; lastKnownFileType = sourcecode.swift; path = Constants.swift; sourceTree = "<group>"; };
		DB564A912656497900E4DD2A /* SportsApp.app */ = {isa = PBXFileReference; explicitFileType = wrapper.application; includeInIndex = 0; path = SportsApp.app; sourceTree = BUILT_PRODUCTS_DIR; };
		DB564A942656497900E4DD2A /* AppDelegate.swift */ = {isa = PBXFileReference; lastKnownFileType = sourcecode.swift; path = AppDelegate.swift; sourceTree = "<group>"; };
		DB564A962656497900E4DD2A /* SceneDelegate.swift */ = {isa = PBXFileReference; lastKnownFileType = sourcecode.swift; path = SceneDelegate.swift; sourceTree = "<group>"; };
		DB564A9B2656497900E4DD2A /* Base */ = {isa = PBXFileReference; lastKnownFileType = file.storyboard; name = Base; path = Base.lproj/Main.storyboard; sourceTree = "<group>"; };
		DB564A9E2656497900E4DD2A /* SportsApp.xcdatamodel */ = {isa = PBXFileReference; lastKnownFileType = wrapper.xcdatamodel; path = SportsApp.xcdatamodel; sourceTree = "<group>"; };
		DB564AA02656497C00E4DD2A /* Assets.xcassets */ = {isa = PBXFileReference; lastKnownFileType = folder.assetcatalog; path = Assets.xcassets; sourceTree = "<group>"; };
		DB564AA32656497C00E4DD2A /* Base */ = {isa = PBXFileReference; lastKnownFileType = file.storyboard; name = Base; path = Base.lproj/LaunchScreen.storyboard; sourceTree = "<group>"; };
		DB564AA52656497C00E4DD2A /* Info.plist */ = {isa = PBXFileReference; lastKnownFileType = text.plist.xml; path = Info.plist; sourceTree = "<group>"; };
		DB564AAA2656497C00E4DD2A /* SportsAppTests.xctest */ = {isa = PBXFileReference; explicitFileType = wrapper.cfbundle; includeInIndex = 0; path = SportsAppTests.xctest; sourceTree = BUILT_PRODUCTS_DIR; };
		DB564AAE2656497C00E4DD2A /* SportsAppTests.swift */ = {isa = PBXFileReference; lastKnownFileType = sourcecode.swift; path = SportsAppTests.swift; sourceTree = "<group>"; };
		DB564AB02656497C00E4DD2A /* Info.plist */ = {isa = PBXFileReference; lastKnownFileType = text.plist.xml; path = Info.plist; sourceTree = "<group>"; };
		DB564AB52656497C00E4DD2A /* SportsAppUITests.xctest */ = {isa = PBXFileReference; explicitFileType = wrapper.cfbundle; includeInIndex = 0; path = SportsAppUITests.xctest; sourceTree = BUILT_PRODUCTS_DIR; };
		DB564AB92656497C00E4DD2A /* SportsAppUITests.swift */ = {isa = PBXFileReference; lastKnownFileType = sourcecode.swift; path = SportsAppUITests.swift; sourceTree = "<group>"; };
		DB564ABB2656497C00E4DD2A /* Info.plist */ = {isa = PBXFileReference; lastKnownFileType = text.plist.xml; path = Info.plist; sourceTree = "<group>"; };
		E1A934F843560CAC4D33A61F /* Pods_SportsAppTests.framework */ = {isa = PBXFileReference; explicitFileType = wrapper.framework; includeInIndex = 0; path = Pods_SportsAppTests.framework; sourceTree = BUILT_PRODUCTS_DIR; };
		F84F64B92668CABE001F077C /* NewsViewController.swift */ = {isa = PBXFileReference; lastKnownFileType = sourcecode.swift; path = NewsViewController.swift; sourceTree = "<group>"; };
		F84F64BD26690A71001F077C /* AllNewsCell.swift */ = {isa = PBXFileReference; lastKnownFileType = sourcecode.swift; path = AllNewsCell.swift; sourceTree = "<group>"; };
		F84F64BF266910C1001F077C /* NBANewsCell.swift */ = {isa = PBXFileReference; lastKnownFileType = sourcecode.swift; path = NBANewsCell.swift; sourceTree = "<group>"; };
		F84F64C226691AFC001F077C /* AllNewsTableCell.swift */ = {isa = PBXFileReference; lastKnownFileType = sourcecode.swift; path = AllNewsTableCell.swift; sourceTree = "<group>"; };
		F84F64C826692230001F077C /* NewsFeedDaoList.swift */ = {isa = PBXFileReference; lastKnownFileType = sourcecode.swift; path = NewsFeedDaoList.swift; sourceTree = "<group>"; };
		F8DDB2ED266BAF69003542D3 /* NBANewsTableCell.swift */ = {isa = PBXFileReference; lastKnownFileType = sourcecode.swift; path = NBANewsTableCell.swift; sourceTree = "<group>"; };
		F8DDB2EF266BC164003542D3 /* NFLNewsCell.swift */ = {isa = PBXFileReference; lastKnownFileType = sourcecode.swift; path = NFLNewsCell.swift; sourceTree = "<group>"; };
		F8DDB2F1266BC174003542D3 /* MLBNewsCell.swift */ = {isa = PBXFileReference; lastKnownFileType = sourcecode.swift; path = MLBNewsCell.swift; sourceTree = "<group>"; };
		F8DDB2F3266BC184003542D3 /* NHLNewsCell.swift */ = {isa = PBXFileReference; lastKnownFileType = sourcecode.swift; path = NHLNewsCell.swift; sourceTree = "<group>"; };
		F8DDB2F5266BC194003542D3 /* GolfNewsCell.swift */ = {isa = PBXFileReference; lastKnownFileType = sourcecode.swift; path = GolfNewsCell.swift; sourceTree = "<group>"; };
		F8DDB2F7266BC1E0003542D3 /* NFLNewsTableCell.swift */ = {isa = PBXFileReference; lastKnownFileType = sourcecode.swift; path = NFLNewsTableCell.swift; sourceTree = "<group>"; };
		F8DDB2F9266BC1FD003542D3 /* GolfNewsTableCell.swift */ = {isa = PBXFileReference; lastKnownFileType = sourcecode.swift; path = GolfNewsTableCell.swift; sourceTree = "<group>"; };
		F8DDB2FB266BC210003542D3 /* NHLNewsTableCell.swift */ = {isa = PBXFileReference; lastKnownFileType = sourcecode.swift; path = NHLNewsTableCell.swift; sourceTree = "<group>"; };
		F8DDB2FD266BC220003542D3 /* MLBNewsTableCell.swift */ = {isa = PBXFileReference; lastKnownFileType = sourcecode.swift; path = MLBNewsTableCell.swift; sourceTree = "<group>"; };
/* End PBXFileReference section */

/* Begin PBXFrameworksBuildPhase section */
		DB564A8E2656497900E4DD2A /* Frameworks */ = {
			isa = PBXFrameworksBuildPhase;
			buildActionMask = 2147483647;
			files = (
				A86BE7BA10E0E0F70EAAED15 /* Pods_SportsApp.framework in Frameworks */,
			);
			runOnlyForDeploymentPostprocessing = 0;
		};
		DB564AA72656497C00E4DD2A /* Frameworks */ = {
			isa = PBXFrameworksBuildPhase;
			buildActionMask = 2147483647;
			files = (
				BADE76D6F2036E22B6A0711C /* Pods_SportsAppTests.framework in Frameworks */,
			);
			runOnlyForDeploymentPostprocessing = 0;
		};
		DB564AB22656497C00E4DD2A /* Frameworks */ = {
			isa = PBXFrameworksBuildPhase;
			buildActionMask = 2147483647;
			files = (
				5736CA8367051CB47069DF00 /* Pods_SportsApp_SportsAppUITests.framework in Frameworks */,
			);
			runOnlyForDeploymentPostprocessing = 0;
		};
/* End PBXFrameworksBuildPhase section */

/* Begin PBXGroup section */
		0E4EB7C5C2C762FC20E0C5BA /* Pods */ = {
			isa = PBXGroup;
			children = (
				76C0B98AA919B8C6EB6D90C0 /* Pods-SportsApp.debug.xcconfig */,
				B9871FB5545890714814E54B /* Pods-SportsApp.release.xcconfig */,
				B3B6DA5586D640530FAFA24C /* Pods-SportsApp-SportsAppUITests.debug.xcconfig */,
				2990FFFF3065736734F240EE /* Pods-SportsApp-SportsAppUITests.release.xcconfig */,
				D498F4158D2EA4A80AB5B704 /* Pods-SportsAppTests.debug.xcconfig */,
				72E2D5CF53DC3CC01E542309 /* Pods-SportsAppTests.release.xcconfig */,
			);
			path = Pods;
			sourceTree = "<group>";
		};
		B4111A268A6A8F01B761BC81 /* Frameworks */ = {
			isa = PBXGroup;
			children = (
				90C8A114018A431A90254F37 /* Pods_SportsApp.framework */,
				A07CDC554DF90F8F6471042E /* Pods_SportsApp_SportsAppUITests.framework */,
				E1A934F843560CAC4D33A61F /* Pods_SportsAppTests.framework */,
			);
			name = Frameworks;
			sourceTree = "<group>";
		};
		DB560BA12656754700C863B4 /* Controllers */ = {
			isa = PBXGroup;
			children = (
				F84F64C126691ADB001F077C /* News */,
				DB560BA8265675F200C863B4 /* Home.swift */,
			);
			path = Controllers;
			sourceTree = "<group>";
		};
		DB560BA22656755300C863B4 /* Model */ = {
			isa = PBXGroup;
			children = (
				F84F64C7266921FD001F077C /* News */,
				DB560BD026567AB100C863B4 /* SportsData.swift */,
			);
			path = Model;
			sourceTree = "<group>";
		};
		DB560BA32656755B00C863B4 /* App */ = {
			isa = PBXGroup;
			children = (
				DB564A942656497900E4DD2A /* AppDelegate.swift */,
				DB564A962656497900E4DD2A /* SceneDelegate.swift */,
			);
			path = App;
			sourceTree = "<group>";
		};
		DB560BA42656756700C863B4 /* Resources */ = {
			isa = PBXGroup;
			children = (
				DB564AA02656497C00E4DD2A /* Assets.xcassets */,
			);
			path = Resources;
			sourceTree = "<group>";
		};
		DB560BA52656758400C863B4 /* View */ = {
			isa = PBXGroup;
			children = (
				DB560BA62656759500C863B4 /* Main Storyboard */,
				DB560BA7265675A800C863B4 /* Launch Screen */,
			);
			path = View;
			sourceTree = "<group>";
		};
		DB560BA62656759500C863B4 /* Main Storyboard */ = {
			isa = PBXGroup;
			children = (
				DB564A9A2656497900E4DD2A /* Main.storyboard */,
			);
			path = "Main Storyboard";
			sourceTree = "<group>";
		};
		DB560BA7265675A800C863B4 /* Launch Screen */ = {
			isa = PBXGroup;
			children = (
				DB564AA22656497C00E4DD2A /* LaunchScreen.storyboard */,
			);
			path = "Launch Screen";
			sourceTree = "<group>";
		};
		DB560BB3265677D100C863B4 /* Utils */ = {
			isa = PBXGroup;
			children = (
				DB560BE526567C9500C863B4 /* Constants */,
				DB560BDF26567C6100C863B4 /* NetworkManager */,
				DB560BB4265677E100C863B4 /* Extensions */,
			);
			path = Utils;
			sourceTree = "<group>";
		};
		DB560BB4265677E100C863B4 /* Extensions */ = {
			isa = PBXGroup;
			children = (
				DB560BB5265677E900C863B4 /* NavigationBarExt */,
			);
			path = Extensions;
			sourceTree = "<group>";
		};
		DB560BB5265677E900C863B4 /* NavigationBarExt */ = {
			isa = PBXGroup;
			children = (
				DB560BB62656780200C863B4 /* NavigationBarExtension.swift */,
			);
			path = NavigationBarExt;
			sourceTree = "<group>";
		};
		DB560BDF26567C6100C863B4 /* NetworkManager */ = {
			isa = PBXGroup;
			children = (
				DB560BE026567C6D00C863B4 /* NetworkCall.swift */,
			);
			path = NetworkManager;
			sourceTree = "<group>";
		};
		DB560BE526567C9500C863B4 /* Constants */ = {
			isa = PBXGroup;
			children = (
				DB560BE626567C9E00C863B4 /* Constants.swift */,
			);
			path = Constants;
			sourceTree = "<group>";
		};
		DB564A882656497900E4DD2A = {
			isa = PBXGroup;
			children = (
				DB564A932656497900E4DD2A /* SportsApp */,
				DB564AAD2656497C00E4DD2A /* SportsAppTests */,
				DB564AB82656497C00E4DD2A /* SportsAppUITests */,
				DB564A922656497900E4DD2A /* Products */,
				0E4EB7C5C2C762FC20E0C5BA /* Pods */,
				B4111A268A6A8F01B761BC81 /* Frameworks */,
			);
			sourceTree = "<group>";
		};
		DB564A922656497900E4DD2A /* Products */ = {
			isa = PBXGroup;
			children = (
				DB564A912656497900E4DD2A /* SportsApp.app */,
				DB564AAA2656497C00E4DD2A /* SportsAppTests.xctest */,
				DB564AB52656497C00E4DD2A /* SportsAppUITests.xctest */,
			);
			name = Products;
			sourceTree = "<group>";
		};
		DB564A932656497900E4DD2A /* SportsApp */ = {
			isa = PBXGroup;
			children = (
				DB560BB3265677D100C863B4 /* Utils */,
				DB560BA32656755B00C863B4 /* App */,
				DB560BA22656755300C863B4 /* Model */,
				DB560BA12656754700C863B4 /* Controllers */,
				DB560BA52656758400C863B4 /* View */,
				DB560BA42656756700C863B4 /* Resources */,
				DB564AA52656497C00E4DD2A /* Info.plist */,
				DB564A9D2656497900E4DD2A /* SportsApp.xcdatamodeld */,
			);
			path = SportsApp;
			sourceTree = "<group>";
		};
		DB564AAD2656497C00E4DD2A /* SportsAppTests */ = {
			isa = PBXGroup;
			children = (
				DB564AAE2656497C00E4DD2A /* SportsAppTests.swift */,
				DB564AB02656497C00E4DD2A /* Info.plist */,
			);
			path = SportsAppTests;
			sourceTree = "<group>";
		};
		DB564AB82656497C00E4DD2A /* SportsAppUITests */ = {
			isa = PBXGroup;
			children = (
				DB564AB92656497C00E4DD2A /* SportsAppUITests.swift */,
				DB564ABB2656497C00E4DD2A /* Info.plist */,
			);
			path = SportsAppUITests;
			sourceTree = "<group>";
		};
		F84F64C126691ADB001F077C /* News */ = {
			isa = PBXGroup;
			children = (
				F86655A8266F8206000E0941 /* NewsCollectionCell */,
				F86655A7266F81EC000E0941 /* NewsTableCells */,
				F84F64B92668CABE001F077C /* NewsViewController.swift */,
			);
			path = News;
			sourceTree = "<group>";
		};
		F84F64C7266921FD001F077C /* News */ = {
			isa = PBXGroup;
			children = (
				F84F64C826692230001F077C /* NewsFeedDaoList.swift */,
			);
			path = News;
			sourceTree = "<group>";
		};
		F86655A7266F81EC000E0941 /* NewsTableCells */ = {
			isa = PBXGroup;
			children = (
				F8DDB2F9266BC1FD003542D3 /* GolfNewsTableCell.swift */,
				F8DDB2FB266BC210003542D3 /* NHLNewsTableCell.swift */,
				F8DDB2FD266BC220003542D3 /* MLBNewsTableCell.swift */,
				F8DDB2F7266BC1E0003542D3 /* NFLNewsTableCell.swift */,
				F84F64C226691AFC001F077C /* AllNewsTableCell.swift */,
				F8DDB2ED266BAF69003542D3 /* NBANewsTableCell.swift */,
			);
			path = NewsTableCells;
			sourceTree = "<group>";
		};
		F86655A8266F8206000E0941 /* NewsCollectionCell */ = {
			isa = PBXGroup;
			children = (
				F84F64BD26690A71001F077C /* AllNewsCell.swift */,
				F84F64BF266910C1001F077C /* NBANewsCell.swift */,
				F8DDB2EF266BC164003542D3 /* NFLNewsCell.swift */,
				F8DDB2F1266BC174003542D3 /* MLBNewsCell.swift */,
				F8DDB2F3266BC184003542D3 /* NHLNewsCell.swift */,
				F8DDB2F5266BC194003542D3 /* GolfNewsCell.swift */,
			);
			path = NewsCollectionCell;
			sourceTree = "<group>";
		};
/* End PBXGroup section */

/* Begin PBXNativeTarget section */
		DB564A902656497900E4DD2A /* SportsApp */ = {
			isa = PBXNativeTarget;
			buildConfigurationList = DB564ABE2656497C00E4DD2A /* Build configuration list for PBXNativeTarget "SportsApp" */;
			buildPhases = (
				CCC9BE5F4926D7CABF19D6DD /* [CP] Check Pods Manifest.lock */,
				DB564A8D2656497900E4DD2A /* Sources */,
				DB564A8E2656497900E4DD2A /* Frameworks */,
				DB564A8F2656497900E4DD2A /* Resources */,
				6C59A427881D8EE57FF1B2D7 /* [CP] Embed Pods Frameworks */,
			);
			buildRules = (
			);
			dependencies = (
			);
			name = SportsApp;
			productName = SportsApp;
			productReference = DB564A912656497900E4DD2A /* SportsApp.app */;
			productType = "com.apple.product-type.application";
		};
		DB564AA92656497C00E4DD2A /* SportsAppTests */ = {
			isa = PBXNativeTarget;
			buildConfigurationList = DB564AC12656497C00E4DD2A /* Build configuration list for PBXNativeTarget "SportsAppTests" */;
			buildPhases = (
				5F4D640D26074B0BFAE8B3B1 /* [CP] Check Pods Manifest.lock */,
				DB564AA62656497C00E4DD2A /* Sources */,
				DB564AA72656497C00E4DD2A /* Frameworks */,
				DB564AA82656497C00E4DD2A /* Resources */,
			);
			buildRules = (
			);
			dependencies = (
				DB564AAC2656497C00E4DD2A /* PBXTargetDependency */,
			);
			name = SportsAppTests;
			productName = SportsAppTests;
			productReference = DB564AAA2656497C00E4DD2A /* SportsAppTests.xctest */;
			productType = "com.apple.product-type.bundle.unit-test";
		};
		DB564AB42656497C00E4DD2A /* SportsAppUITests */ = {
			isa = PBXNativeTarget;
			buildConfigurationList = DB564AC42656497C00E4DD2A /* Build configuration list for PBXNativeTarget "SportsAppUITests" */;
			buildPhases = (
				EAD77B14205002ED3D3A98C1 /* [CP] Check Pods Manifest.lock */,
				DB564AB12656497C00E4DD2A /* Sources */,
				DB564AB22656497C00E4DD2A /* Frameworks */,
				DB564AB32656497C00E4DD2A /* Resources */,
				52134D0FD255856C2C17043F /* [CP] Embed Pods Frameworks */,
			);
			buildRules = (
			);
			dependencies = (
				DB564AB72656497C00E4DD2A /* PBXTargetDependency */,
			);
			name = SportsAppUITests;
			productName = SportsAppUITests;
			productReference = DB564AB52656497C00E4DD2A /* SportsAppUITests.xctest */;
			productType = "com.apple.product-type.bundle.ui-testing";
		};
/* End PBXNativeTarget section */

/* Begin PBXProject section */
		DB564A892656497900E4DD2A /* Project object */ = {
			isa = PBXProject;
			attributes = {
				LastSwiftUpdateCheck = 1210;
				LastUpgradeCheck = 1210;
				TargetAttributes = {
					DB564A902656497900E4DD2A = {
						CreatedOnToolsVersion = 12.1;
						LastSwiftMigration = 1250;
					};
					DB564AA92656497C00E4DD2A = {
						CreatedOnToolsVersion = 12.1;
						TestTargetID = DB564A902656497900E4DD2A;
					};
					DB564AB42656497C00E4DD2A = {
						CreatedOnToolsVersion = 12.1;
						TestTargetID = DB564A902656497900E4DD2A;
					};
				};
			};
			buildConfigurationList = DB564A8C2656497900E4DD2A /* Build configuration list for PBXProject "SportsApp" */;
			compatibilityVersion = "Xcode 9.3";
			developmentRegion = en;
			hasScannedForEncodings = 0;
			knownRegions = (
				en,
				Base,
			);
			mainGroup = DB564A882656497900E4DD2A;
			productRefGroup = DB564A922656497900E4DD2A /* Products */;
			projectDirPath = "";
			projectRoot = "";
			targets = (
				DB564A902656497900E4DD2A /* SportsApp */,
				DB564AA92656497C00E4DD2A /* SportsAppTests */,
				DB564AB42656497C00E4DD2A /* SportsAppUITests */,
			);
		};
/* End PBXProject section */

/* Begin PBXResourcesBuildPhase section */
		DB564A8F2656497900E4DD2A /* Resources */ = {
			isa = PBXResourcesBuildPhase;
			buildActionMask = 2147483647;
			files = (
				DB564AA42656497C00E4DD2A /* LaunchScreen.storyboard in Resources */,
				DB564AA12656497C00E4DD2A /* Assets.xcassets in Resources */,
				DB564A9C2656497900E4DD2A /* Main.storyboard in Resources */,
			);
			runOnlyForDeploymentPostprocessing = 0;
		};
		DB564AA82656497C00E4DD2A /* Resources */ = {
			isa = PBXResourcesBuildPhase;
			buildActionMask = 2147483647;
			files = (
			);
			runOnlyForDeploymentPostprocessing = 0;
		};
		DB564AB32656497C00E4DD2A /* Resources */ = {
			isa = PBXResourcesBuildPhase;
			buildActionMask = 2147483647;
			files = (
			);
			runOnlyForDeploymentPostprocessing = 0;
		};
/* End PBXResourcesBuildPhase section */

/* Begin PBXShellScriptBuildPhase section */
		52134D0FD255856C2C17043F /* [CP] Embed Pods Frameworks */ = {
			isa = PBXShellScriptBuildPhase;
			buildActionMask = 2147483647;
			files = (
			);
			inputFileListPaths = (
				"${PODS_ROOT}/Target Support Files/Pods-SportsApp-SportsAppUITests/Pods-SportsApp-SportsAppUITests-frameworks-${CONFIGURATION}-input-files.xcfilelist",
			);
			name = "[CP] Embed Pods Frameworks";
			outputFileListPaths = (
				"${PODS_ROOT}/Target Support Files/Pods-SportsApp-SportsAppUITests/Pods-SportsApp-SportsAppUITests-frameworks-${CONFIGURATION}-output-files.xcfilelist",
			);
			runOnlyForDeploymentPostprocessing = 0;
			shellPath = /bin/sh;
			shellScript = "\"${PODS_ROOT}/Target Support Files/Pods-SportsApp-SportsAppUITests/Pods-SportsApp-SportsAppUITests-frameworks.sh\"\n";
			showEnvVarsInLog = 0;
		};
		5F4D640D26074B0BFAE8B3B1 /* [CP] Check Pods Manifest.lock */ = {
			isa = PBXShellScriptBuildPhase;
			buildActionMask = 2147483647;
			files = (
			);
			inputFileListPaths = (
			);
			inputPaths = (
				"${PODS_PODFILE_DIR_PATH}/Podfile.lock",
				"${PODS_ROOT}/Manifest.lock",
			);
			name = "[CP] Check Pods Manifest.lock";
			outputFileListPaths = (
			);
			outputPaths = (
				"$(DERIVED_FILE_DIR)/Pods-SportsAppTests-checkManifestLockResult.txt",
			);
			runOnlyForDeploymentPostprocessing = 0;
			shellPath = /bin/sh;
			shellScript = "diff \"${PODS_PODFILE_DIR_PATH}/Podfile.lock\" \"${PODS_ROOT}/Manifest.lock\" > /dev/null\nif [ $? != 0 ] ; then\n    # print error to STDERR\n    echo \"error: The sandbox is not in sync with the Podfile.lock. Run 'pod install' or update your CocoaPods installation.\" >&2\n    exit 1\nfi\n# This output is used by Xcode 'outputs' to avoid re-running this script phase.\necho \"SUCCESS\" > \"${SCRIPT_OUTPUT_FILE_0}\"\n";
			showEnvVarsInLog = 0;
		};
		6C59A427881D8EE57FF1B2D7 /* [CP] Embed Pods Frameworks */ = {
			isa = PBXShellScriptBuildPhase;
			buildActionMask = 2147483647;
			files = (
			);
			inputFileListPaths = (
				"${PODS_ROOT}/Target Support Files/Pods-SportsApp/Pods-SportsApp-frameworks-${CONFIGURATION}-input-files.xcfilelist",
			);
			name = "[CP] Embed Pods Frameworks";
			outputFileListPaths = (
				"${PODS_ROOT}/Target Support Files/Pods-SportsApp/Pods-SportsApp-frameworks-${CONFIGURATION}-output-files.xcfilelist",
			);
			runOnlyForDeploymentPostprocessing = 0;
			shellPath = /bin/sh;
			shellScript = "\"${PODS_ROOT}/Target Support Files/Pods-SportsApp/Pods-SportsApp-frameworks.sh\"\n";
			showEnvVarsInLog = 0;
		};
		CCC9BE5F4926D7CABF19D6DD /* [CP] Check Pods Manifest.lock */ = {
			isa = PBXShellScriptBuildPhase;
			buildActionMask = 2147483647;
			files = (
			);
			inputFileListPaths = (
			);
			inputPaths = (
				"${PODS_PODFILE_DIR_PATH}/Podfile.lock",
				"${PODS_ROOT}/Manifest.lock",
			);
			name = "[CP] Check Pods Manifest.lock";
			outputFileListPaths = (
			);
			outputPaths = (
				"$(DERIVED_FILE_DIR)/Pods-SportsApp-checkManifestLockResult.txt",
			);
			runOnlyForDeploymentPostprocessing = 0;
			shellPath = /bin/sh;
			shellScript = "diff \"${PODS_PODFILE_DIR_PATH}/Podfile.lock\" \"${PODS_ROOT}/Manifest.lock\" > /dev/null\nif [ $? != 0 ] ; then\n    # print error to STDERR\n    echo \"error: The sandbox is not in sync with the Podfile.lock. Run 'pod install' or update your CocoaPods installation.\" >&2\n    exit 1\nfi\n# This output is used by Xcode 'outputs' to avoid re-running this script phase.\necho \"SUCCESS\" > \"${SCRIPT_OUTPUT_FILE_0}\"\n";
			showEnvVarsInLog = 0;
		};
		EAD77B14205002ED3D3A98C1 /* [CP] Check Pods Manifest.lock */ = {
			isa = PBXShellScriptBuildPhase;
			buildActionMask = 2147483647;
			files = (
			);
			inputFileListPaths = (
			);
			inputPaths = (
				"${PODS_PODFILE_DIR_PATH}/Podfile.lock",
				"${PODS_ROOT}/Manifest.lock",
			);
			name = "[CP] Check Pods Manifest.lock";
			outputFileListPaths = (
			);
			outputPaths = (
				"$(DERIVED_FILE_DIR)/Pods-SportsApp-SportsAppUITests-checkManifestLockResult.txt",
			);
			runOnlyForDeploymentPostprocessing = 0;
			shellPath = /bin/sh;
			shellScript = "diff \"${PODS_PODFILE_DIR_PATH}/Podfile.lock\" \"${PODS_ROOT}/Manifest.lock\" > /dev/null\nif [ $? != 0 ] ; then\n    # print error to STDERR\n    echo \"error: The sandbox is not in sync with the Podfile.lock. Run 'pod install' or update your CocoaPods installation.\" >&2\n    exit 1\nfi\n# This output is used by Xcode 'outputs' to avoid re-running this script phase.\necho \"SUCCESS\" > \"${SCRIPT_OUTPUT_FILE_0}\"\n";
			showEnvVarsInLog = 0;
		};
/* End PBXShellScriptBuildPhase section */

/* Begin PBXSourcesBuildPhase section */
		DB564A8D2656497900E4DD2A /* Sources */ = {
			isa = PBXSourcesBuildPhase;
			buildActionMask = 2147483647;
			files = (
				DB560BE126567C6D00C863B4 /* NetworkCall.swift in Sources */,
				F8DDB2EE266BAF69003542D3 /* NBANewsTableCell.swift in Sources */,
				DB564A952656497900E4DD2A /* AppDelegate.swift in Sources */,
				F8DDB2F0266BC164003542D3 /* NFLNewsCell.swift in Sources */,
				F8DDB2F2266BC174003542D3 /* MLBNewsCell.swift in Sources */,
				F84F64C0266910C1001F077C /* NBANewsCell.swift in Sources */,
				DB560BA9265675F200C863B4 /* Home.swift in Sources */,
				F8DDB2FA266BC1FD003542D3 /* GolfNewsTableCell.swift in Sources */,
				F84F64C926692230001F077C /* NewsFeedDaoList.swift in Sources */,
				DB564A9F2656497900E4DD2A /* SportsApp.xcdatamodeld in Sources */,
				DB564A972656497900E4DD2A /* SceneDelegate.swift in Sources */,
				DB560BD126567AB100C863B4 /* SportsData.swift in Sources */,
				F84F64C326691AFC001F077C /* AllNewsTableCell.swift in Sources */,
				F8DDB2FE266BC220003542D3 /* MLBNewsTableCell.swift in Sources */,
				F8DDB2FC266BC210003542D3 /* NHLNewsTableCell.swift in Sources */,
				F8DDB2F4266BC184003542D3 /* NHLNewsCell.swift in Sources */,
				F84F64BA2668CABE001F077C /* NewsViewController.swift in Sources */,
				DB560BB72656780200C863B4 /* NavigationBarExtension.swift in Sources */,
				F84F64BE26690A71001F077C /* AllNewsCell.swift in Sources */,
				F8DDB2F8266BC1E0003542D3 /* NFLNewsTableCell.swift in Sources */,
				F8DDB2F6266BC194003542D3 /* GolfNewsCell.swift in Sources */,
				DB560BE726567C9E00C863B4 /* Constants.swift in Sources */,
			);
			runOnlyForDeploymentPostprocessing = 0;
		};
		DB564AA62656497C00E4DD2A /* Sources */ = {
			isa = PBXSourcesBuildPhase;
			buildActionMask = 2147483647;
			files = (
				DB564AAF2656497C00E4DD2A /* SportsAppTests.swift in Sources */,
			);
			runOnlyForDeploymentPostprocessing = 0;
		};
		DB564AB12656497C00E4DD2A /* Sources */ = {
			isa = PBXSourcesBuildPhase;
			buildActionMask = 2147483647;
			files = (
				DB564ABA2656497C00E4DD2A /* SportsAppUITests.swift in Sources */,
			);
			runOnlyForDeploymentPostprocessing = 0;
		};
/* End PBXSourcesBuildPhase section */

/* Begin PBXTargetDependency section */
		DB564AAC2656497C00E4DD2A /* PBXTargetDependency */ = {
			isa = PBXTargetDependency;
			target = DB564A902656497900E4DD2A /* SportsApp */;
			targetProxy = DB564AAB2656497C00E4DD2A /* PBXContainerItemProxy */;
		};
		DB564AB72656497C00E4DD2A /* PBXTargetDependency */ = {
			isa = PBXTargetDependency;
			target = DB564A902656497900E4DD2A /* SportsApp */;
			targetProxy = DB564AB62656497C00E4DD2A /* PBXContainerItemProxy */;
		};
/* End PBXTargetDependency section */

/* Begin PBXVariantGroup section */
		DB564A9A2656497900E4DD2A /* Main.storyboard */ = {
			isa = PBXVariantGroup;
			children = (
				DB564A9B2656497900E4DD2A /* Base */,
			);
			name = Main.storyboard;
			sourceTree = "<group>";
		};
		DB564AA22656497C00E4DD2A /* LaunchScreen.storyboard */ = {
			isa = PBXVariantGroup;
			children = (
				DB564AA32656497C00E4DD2A /* Base */,
			);
			name = LaunchScreen.storyboard;
			sourceTree = "<group>";
		};
/* End PBXVariantGroup section */

/* Begin XCBuildConfiguration section */
		DB564ABC2656497C00E4DD2A /* Debug */ = {
			isa = XCBuildConfiguration;
			buildSettings = {
				ALWAYS_SEARCH_USER_PATHS = NO;
				CLANG_ANALYZER_NONNULL = YES;
				CLANG_ANALYZER_NUMBER_OBJECT_CONVERSION = YES_AGGRESSIVE;
				CLANG_CXX_LANGUAGE_STANDARD = "gnu++14";
				CLANG_CXX_LIBRARY = "libc++";
				CLANG_ENABLE_MODULES = YES;
				CLANG_ENABLE_OBJC_ARC = YES;
				CLANG_ENABLE_OBJC_WEAK = YES;
				CLANG_WARN_BLOCK_CAPTURE_AUTORELEASING = YES;
				CLANG_WARN_BOOL_CONVERSION = YES;
				CLANG_WARN_COMMA = YES;
				CLANG_WARN_CONSTANT_CONVERSION = YES;
				CLANG_WARN_DEPRECATED_OBJC_IMPLEMENTATIONS = YES;
				CLANG_WARN_DIRECT_OBJC_ISA_USAGE = YES_ERROR;
				CLANG_WARN_DOCUMENTATION_COMMENTS = YES;
				CLANG_WARN_EMPTY_BODY = YES;
				CLANG_WARN_ENUM_CONVERSION = YES;
				CLANG_WARN_INFINITE_RECURSION = YES;
				CLANG_WARN_INT_CONVERSION = YES;
				CLANG_WARN_NON_LITERAL_NULL_CONVERSION = YES;
				CLANG_WARN_OBJC_IMPLICIT_RETAIN_SELF = YES;
				CLANG_WARN_OBJC_LITERAL_CONVERSION = YES;
				CLANG_WARN_OBJC_ROOT_CLASS = YES_ERROR;
				CLANG_WARN_QUOTED_INCLUDE_IN_FRAMEWORK_HEADER = YES;
				CLANG_WARN_RANGE_LOOP_ANALYSIS = YES;
				CLANG_WARN_STRICT_PROTOTYPES = YES;
				CLANG_WARN_SUSPICIOUS_MOVE = YES;
				CLANG_WARN_UNGUARDED_AVAILABILITY = YES_AGGRESSIVE;
				CLANG_WARN_UNREACHABLE_CODE = YES;
				CLANG_WARN__DUPLICATE_METHOD_MATCH = YES;
				COPY_PHASE_STRIP = NO;
				DEBUG_INFORMATION_FORMAT = dwarf;
				ENABLE_STRICT_OBJC_MSGSEND = YES;
				ENABLE_TESTABILITY = YES;
				GCC_C_LANGUAGE_STANDARD = gnu11;
				GCC_DYNAMIC_NO_PIC = NO;
				GCC_NO_COMMON_BLOCKS = YES;
				GCC_OPTIMIZATION_LEVEL = 0;
				GCC_PREPROCESSOR_DEFINITIONS = (
					"DEBUG=1",
					"$(inherited)",
				);
				GCC_WARN_64_TO_32_BIT_CONVERSION = YES;
				GCC_WARN_ABOUT_RETURN_TYPE = YES_ERROR;
				GCC_WARN_UNDECLARED_SELECTOR = YES;
				GCC_WARN_UNINITIALIZED_AUTOS = YES_AGGRESSIVE;
				GCC_WARN_UNUSED_FUNCTION = YES;
				GCC_WARN_UNUSED_VARIABLE = YES;
				IPHONEOS_DEPLOYMENT_TARGET = 14.1;
				MTL_ENABLE_DEBUG_INFO = INCLUDE_SOURCE;
				MTL_FAST_MATH = YES;
				ONLY_ACTIVE_ARCH = YES;
				SDKROOT = iphoneos;
				SWIFT_ACTIVE_COMPILATION_CONDITIONS = DEBUG;
				SWIFT_OPTIMIZATION_LEVEL = "-Onone";
			};
			name = Debug;
		};
		DB564ABD2656497C00E4DD2A /* Release */ = {
			isa = XCBuildConfiguration;
			buildSettings = {
				ALWAYS_SEARCH_USER_PATHS = NO;
				CLANG_ANALYZER_NONNULL = YES;
				CLANG_ANALYZER_NUMBER_OBJECT_CONVERSION = YES_AGGRESSIVE;
				CLANG_CXX_LANGUAGE_STANDARD = "gnu++14";
				CLANG_CXX_LIBRARY = "libc++";
				CLANG_ENABLE_MODULES = YES;
				CLANG_ENABLE_OBJC_ARC = YES;
				CLANG_ENABLE_OBJC_WEAK = YES;
				CLANG_WARN_BLOCK_CAPTURE_AUTORELEASING = YES;
				CLANG_WARN_BOOL_CONVERSION = YES;
				CLANG_WARN_COMMA = YES;
				CLANG_WARN_CONSTANT_CONVERSION = YES;
				CLANG_WARN_DEPRECATED_OBJC_IMPLEMENTATIONS = YES;
				CLANG_WARN_DIRECT_OBJC_ISA_USAGE = YES_ERROR;
				CLANG_WARN_DOCUMENTATION_COMMENTS = YES;
				CLANG_WARN_EMPTY_BODY = YES;
				CLANG_WARN_ENUM_CONVERSION = YES;
				CLANG_WARN_INFINITE_RECURSION = YES;
				CLANG_WARN_INT_CONVERSION = YES;
				CLANG_WARN_NON_LITERAL_NULL_CONVERSION = YES;
				CLANG_WARN_OBJC_IMPLICIT_RETAIN_SELF = YES;
				CLANG_WARN_OBJC_LITERAL_CONVERSION = YES;
				CLANG_WARN_OBJC_ROOT_CLASS = YES_ERROR;
				CLANG_WARN_QUOTED_INCLUDE_IN_FRAMEWORK_HEADER = YES;
				CLANG_WARN_RANGE_LOOP_ANALYSIS = YES;
				CLANG_WARN_STRICT_PROTOTYPES = YES;
				CLANG_WARN_SUSPICIOUS_MOVE = YES;
				CLANG_WARN_UNGUARDED_AVAILABILITY = YES_AGGRESSIVE;
				CLANG_WARN_UNREACHABLE_CODE = YES;
				CLANG_WARN__DUPLICATE_METHOD_MATCH = YES;
				COPY_PHASE_STRIP = NO;
				DEBUG_INFORMATION_FORMAT = "dwarf-with-dsym";
				ENABLE_NS_ASSERTIONS = NO;
				ENABLE_STRICT_OBJC_MSGSEND = YES;
				GCC_C_LANGUAGE_STANDARD = gnu11;
				GCC_NO_COMMON_BLOCKS = YES;
				GCC_WARN_64_TO_32_BIT_CONVERSION = YES;
				GCC_WARN_ABOUT_RETURN_TYPE = YES_ERROR;
				GCC_WARN_UNDECLARED_SELECTOR = YES;
				GCC_WARN_UNINITIALIZED_AUTOS = YES_AGGRESSIVE;
				GCC_WARN_UNUSED_FUNCTION = YES;
				GCC_WARN_UNUSED_VARIABLE = YES;
				IPHONEOS_DEPLOYMENT_TARGET = 14.1;
				MTL_ENABLE_DEBUG_INFO = NO;
				MTL_FAST_MATH = YES;
				SDKROOT = iphoneos;
				SWIFT_COMPILATION_MODE = wholemodule;
				SWIFT_OPTIMIZATION_LEVEL = "-O";
				VALIDATE_PRODUCT = YES;
			};
			name = Release;
		};
		DB564ABF2656497C00E4DD2A /* Debug */ = {
			isa = XCBuildConfiguration;
			baseConfigurationReference = 76C0B98AA919B8C6EB6D90C0 /* Pods-SportsApp.debug.xcconfig */;
			buildSettings = {
				ASSETCATALOG_COMPILER_APPICON_NAME = AppIcon;
				ASSETCATALOG_COMPILER_GLOBAL_ACCENT_COLOR_NAME = AccentColor;
				CLANG_ENABLE_MODULES = YES;
				CODE_SIGN_IDENTITY = "iPhone Developer";
				CODE_SIGN_STYLE = Manual;
				CURRENT_PROJECT_VERSION = 0.1;
				DEVELOPMENT_TEAM = 792AXRXG5Y;
				INFOPLIST_FILE = SportsApp/Info.plist;
				LD_RUNPATH_SEARCH_PATHS = (
					"$(inherited)",
					"@executable_path/Frameworks",
				);
				MARKETING_VERSION = 2.0.3;
				PRODUCT_BUNDLE_IDENTIFIER = com.thelines.oddsfeed;
				PRODUCT_NAME = "$(TARGET_NAME)";
				PROVISIONING_PROFILE_SPECIFIER = "VS: WildCard Development";
				SWIFT_OPTIMIZATION_LEVEL = "-Onone";
				SWIFT_VERSION = 5.0;
				TARGETED_DEVICE_FAMILY = "1,2";
			};
			name = Debug;
		};
		DB564AC02656497C00E4DD2A /* Release */ = {
			isa = XCBuildConfiguration;
			baseConfigurationReference = B9871FB5545890714814E54B /* Pods-SportsApp.release.xcconfig */;
			buildSettings = {
				ASSETCATALOG_COMPILER_APPICON_NAME = AppIcon;
				ASSETCATALOG_COMPILER_GLOBAL_ACCENT_COLOR_NAME = AccentColor;
				CLANG_ENABLE_MODULES = YES;
				CODE_SIGN_IDENTITY = "iPhone Distribution";
				CODE_SIGN_STYLE = Manual;
				CURRENT_PROJECT_VERSION = 0.1;
				DEVELOPMENT_TEAM = B2B35NC4BQ;
				INFOPLIST_FILE = SportsApp/Info.plist;
				LD_RUNPATH_SEARCH_PATHS = (
					"$(inherited)",
					"@executable_path/Frameworks",
				);
				MARKETING_VERSION = 2.0.3;
				PRODUCT_BUNDLE_IDENTIFIER = com.thelines.oddsfeed;
				PRODUCT_NAME = "$(TARGET_NAME)";
				PROVISIONING_PROFILE_SPECIFIER = "Distribution PP Apurva's Mac Mini (thelines)";
				SWIFT_VERSION = 5.0;
				TARGETED_DEVICE_FAMILY = "1,2";
			};
			name = Release;
		};
		DB564AC22656497C00E4DD2A /* Debug */ = {
			isa = XCBuildConfiguration;
			baseConfigurationReference = D498F4158D2EA4A80AB5B704 /* Pods-SportsAppTests.debug.xcconfig */;
			buildSettings = {
				ALWAYS_EMBED_SWIFT_STANDARD_LIBRARIES = YES;
				BUNDLE_LOADER = "$(TEST_HOST)";
				CODE_SIGN_STYLE = Automatic;
				INFOPLIST_FILE = SportsAppTests/Info.plist;
				IPHONEOS_DEPLOYMENT_TARGET = 14.1;
				LD_RUNPATH_SEARCH_PATHS = (
					"$(inherited)",
					"@executable_path/Frameworks",
					"@loader_path/Frameworks",
				);
				PRODUCT_BUNDLE_IDENTIFIER = SoftyWare.SportsAppTests;
				PRODUCT_NAME = "$(TARGET_NAME)";
				SWIFT_VERSION = 5.0;
				TARGETED_DEVICE_FAMILY = "1,2";
				TEST_HOST = "$(BUILT_PRODUCTS_DIR)/SportsApp.app/SportsApp";
			};
			name = Debug;
		};
		DB564AC32656497C00E4DD2A /* Release */ = {
			isa = XCBuildConfiguration;
			baseConfigurationReference = 72E2D5CF53DC3CC01E542309 /* Pods-SportsAppTests.release.xcconfig */;
			buildSettings = {
				ALWAYS_EMBED_SWIFT_STANDARD_LIBRARIES = YES;
				BUNDLE_LOADER = "$(TEST_HOST)";
				CODE_SIGN_STYLE = Automatic;
				INFOPLIST_FILE = SportsAppTests/Info.plist;
				IPHONEOS_DEPLOYMENT_TARGET = 14.1;
				LD_RUNPATH_SEARCH_PATHS = (
					"$(inherited)",
					"@executable_path/Frameworks",
					"@loader_path/Frameworks",
				);
				PRODUCT_BUNDLE_IDENTIFIER = SoftyWare.SportsAppTests;
				PRODUCT_NAME = "$(TARGET_NAME)";
				SWIFT_VERSION = 5.0;
				TARGETED_DEVICE_FAMILY = "1,2";
				TEST_HOST = "$(BUILT_PRODUCTS_DIR)/SportsApp.app/SportsApp";
			};
			name = Release;
		};
		DB564AC52656497C00E4DD2A /* Debug */ = {
			isa = XCBuildConfiguration;
			baseConfigurationReference = B3B6DA5586D640530FAFA24C /* Pods-SportsApp-SportsAppUITests.debug.xcconfig */;
			buildSettings = {
				ALWAYS_EMBED_SWIFT_STANDARD_LIBRARIES = YES;
				CODE_SIGN_STYLE = Automatic;
				INFOPLIST_FILE = SportsAppUITests/Info.plist;
				LD_RUNPATH_SEARCH_PATHS = (
					"$(inherited)",
					"@executable_path/Frameworks",
					"@loader_path/Frameworks",
				);
				PRODUCT_BUNDLE_IDENTIFIER = SoftyWare.SportsAppUITests;
				PRODUCT_NAME = "$(TARGET_NAME)";
				SWIFT_VERSION = 5.0;
				TARGETED_DEVICE_FAMILY = "1,2";
				TEST_TARGET_NAME = SportsApp;
			};
			name = Debug;
		};
		DB564AC62656497C00E4DD2A /* Release */ = {
			isa = XCBuildConfiguration;
			baseConfigurationReference = 2990FFFF3065736734F240EE /* Pods-SportsApp-SportsAppUITests.release.xcconfig */;
			buildSettings = {
				ALWAYS_EMBED_SWIFT_STANDARD_LIBRARIES = YES;
				CODE_SIGN_STYLE = Automatic;
				INFOPLIST_FILE = SportsAppUITests/Info.plist;
				LD_RUNPATH_SEARCH_PATHS = (
					"$(inherited)",
					"@executable_path/Frameworks",
					"@loader_path/Frameworks",
				);
				PRODUCT_BUNDLE_IDENTIFIER = SoftyWare.SportsAppUITests;
				PRODUCT_NAME = "$(TARGET_NAME)";
				SWIFT_VERSION = 5.0;
				TARGETED_DEVICE_FAMILY = "1,2";
				TEST_TARGET_NAME = SportsApp;
			};
			name = Release;
		};
/* End XCBuildConfiguration section */

/* Begin XCConfigurationList section */
		DB564A8C2656497900E4DD2A /* Build configuration list for PBXProject "SportsApp" */ = {
			isa = XCConfigurationList;
			buildConfigurations = (
				DB564ABC2656497C00E4DD2A /* Debug */,
				DB564ABD2656497C00E4DD2A /* Release */,
			);
			defaultConfigurationIsVisible = 0;
			defaultConfigurationName = Release;
		};
		DB564ABE2656497C00E4DD2A /* Build configuration list for PBXNativeTarget "SportsApp" */ = {
			isa = XCConfigurationList;
			buildConfigurations = (
				DB564ABF2656497C00E4DD2A /* Debug */,
				DB564AC02656497C00E4DD2A /* Release */,
			);
			defaultConfigurationIsVisible = 0;
			defaultConfigurationName = Release;
		};
		DB564AC12656497C00E4DD2A /* Build configuration list for PBXNativeTarget "SportsAppTests" */ = {
			isa = XCConfigurationList;
			buildConfigurations = (
				DB564AC22656497C00E4DD2A /* Debug */,
				DB564AC32656497C00E4DD2A /* Release */,
			);
			defaultConfigurationIsVisible = 0;
			defaultConfigurationName = Release;
		};
		DB564AC42656497C00E4DD2A /* Build configuration list for PBXNativeTarget "SportsAppUITests" */ = {
			isa = XCConfigurationList;
			buildConfigurations = (
				DB564AC52656497C00E4DD2A /* Debug */,
				DB564AC62656497C00E4DD2A /* Release */,
			);
			defaultConfigurationIsVisible = 0;
			defaultConfigurationName = Release;
		};
/* End XCConfigurationList section */

/* Begin XCVersionGroup section */
		DB564A9D2656497900E4DD2A /* SportsApp.xcdatamodeld */ = {
			isa = XCVersionGroup;
			children = (
				DB564A9E2656497900E4DD2A /* SportsApp.xcdatamodel */,
			);
			currentVersion = DB564A9E2656497900E4DD2A /* SportsApp.xcdatamodel */;
			path = SportsApp.xcdatamodeld;
			sourceTree = "<group>";
			versionGroupType = wrapper.xcdatamodel;
		};
/* End XCVersionGroup section */
	};
	rootObject = DB564A892656497900E4DD2A /* Project object */;
}
